
Microsoft Visual Studio Solution File, Format Version 12.00
# Visual Studio Version 16
VisualStudioVersion = 16.0.30804.86
MinimumVisualStudioVersion = 10.0.40219.1
Project("{FAE04EC0-301F-11D3-BF4B-00C04F79EFBC}") = "ObserverPattern", "ObserverPattern\ObserverPattern.csproj", "{E5F6BD49-3596-47D2-9FD6-834F82DCE71A}"
EndProject
Global
	GlobalSection(SolutionConfigurationPlatforms) = preSolution
		Debug|Any CPU = Debug|Any CPU
		Release|Any CPU = Release|Any CPU
	EndGlobalSection
	GlobalSection(ProjectConfigurationPlatforms) = postSolution
		{E5F6BD49-3596-47D2-9FD6-834F82DCE71A}.Debug|Any CPU.ActiveCfg = Debug|Any CPU
		{E5F6BD49-3596-47D2-9FD6-834F82DCE71A}.Debug|Any CPU.Build.0 = Debug|Any CPU
		{E5F6BD49-3596-47D2-9FD6-834F82DCE71A}.Release|Any CPU.ActiveCfg = Release|Any CPU
		{E5F6BD49-3596-47D2-9FD6-834F82DCE71A}.Release|Any CPU.Build.0 = Release|Any CPU
	EndGlobalSection
	GlobalSection(SolutionProperties) = preSolution
		HideSolutionNode = FALSE
	EndGlobalSection
	GlobalSection(ExtensibilityGlobals) = postSolution
		SolutionGuid = {FA4AE65E-9D18-4EE4-9589-7210DBD0BC80}
	EndGlobalSection
EndGlobal
